
Microsoft Visual Studio Solution File, Format Version 12.00
# Visual Studio Version 17
VisualStudioVersion = 17.14.36616.10 d17.14
MinimumVisualStudioVersion = 10.0.40219.1
Project("{FAE04EC0-301F-11D3-BF4B-00C04F79EFBC}") = "ShopManagement", "ShopManagement\ShopManagement.csproj", "{16836660-FFC4-4333-BF03-3E2E3FDA4857}"
EndProject
Global
	GlobalSection(SolutionConfigurationPlatforms) = preSolution
		Debug|Any CPU = Debug|Any CPU
		Release|Any CPU = Release|Any CPU
	EndGlobalSection
	GlobalSection(ProjectConfigurationPlatforms) = postSolution
		{16836660-FFC4-4333-BF03-3E2E3FDA4857}.Debug|Any CPU.ActiveCfg = Debug|Any CPU
		{16836660-FFC4-4333-BF03-3E2E3FDA4857}.Debug|Any CPU.Build.0 = Debug|Any CPU
		{16836660-FFC4-4333-BF03-3E2E3FDA4857}.Release|Any CPU.ActiveCfg = Release|Any CPU
		{16836660-FFC4-4333-BF03-3E2E3FDA4857}.Release|Any CPU.Build.0 = Release|Any CPU
	EndGlobalSection
	GlobalSection(SolutionProperties) = preSolution
		HideSolutionNode = FALSE
	EndGlobalSection
	GlobalSection(ExtensibilityGlobals) = postSolution
		SolutionGuid = {E30A9388-A890-4D58-9745-0A08EA522558}
	EndGlobalSection
EndGlobal
